// !$*UTF8*$!
{
	archiveVersion = 1;
	classes = {
	};
	objectVersion = 56;
	objects = {

/* Begin PBXBuildFile section */
		937842172944A5EA002285BA /* PodCastPlayerApp.swift in Sources */ = {isa = PBXBuildFile; fileRef = 937842162944A5EA002285BA /* PodCastPlayerApp.swift */; };
		937842192944A5EA002285BA /* ContentView.swift in Sources */ = {isa = PBXBuildFile; fileRef = 937842182944A5EA002285BA /* ContentView.swift */; };
		9378421B2944A5EC002285BA /* Assets.xcassets in Resources */ = {isa = PBXBuildFile; fileRef = 9378421A2944A5EC002285BA /* Assets.xcassets */; };
		9378421E2944A5EC002285BA /* Preview Assets.xcassets in Resources */ = {isa = PBXBuildFile; fileRef = 9378421D2944A5EC002285BA /* Preview Assets.xcassets */; };
		937842282944A5EC002285BA /* PodCastPlayerTests.swift in Sources */ = {isa = PBXBuildFile; fileRef = 937842272944A5EC002285BA /* PodCastPlayerTests.swift */; };
		937842322944A5EC002285BA /* PodCastPlayerUITests.swift in Sources */ = {isa = PBXBuildFile; fileRef = 937842312944A5EC002285BA /* PodCastPlayerUITests.swift */; };
		937842342944A5EC002285BA /* PodCastPlayerUITestsLaunchTests.swift in Sources */ = {isa = PBXBuildFile; fileRef = 937842332944A5EC002285BA /* PodCastPlayerUITestsLaunchTests.swift */; };
		937842412944A73B002285BA /* PlayerView.swift in Sources */ = {isa = PBXBuildFile; fileRef = 937842402944A73B002285BA /* PlayerView.swift */; };
		937842432944A8F6002285BA /* Episode.swift in Sources */ = {isa = PBXBuildFile; fileRef = 937842422944A8F6002285BA /* Episode.swift */; };
		937842462944ADA1002285BA /* PlayButton.swift in Sources */ = {isa = PBXBuildFile; fileRef = 937842452944ADA1002285BA /* PlayButton.swift */; };
		937842482944ADF7002285BA /* PlayingStatusView.swift in Sources */ = {isa = PBXBuildFile; fileRef = 937842472944ADF7002285BA /* PlayingStatusView.swift */; };
/* End PBXBuildFile section */

/* Begin PBXContainerItemProxy section */
		937842242944A5EC002285BA /* PBXContainerItemProxy */ = {
			isa = PBXContainerItemProxy;
			containerPortal = 9378420B2944A5EA002285BA /* Project object */;
			proxyType = 1;
			remoteGlobalIDString = 937842122944A5EA002285BA;
			remoteInfo = PodCastPlayer;
		};
		9378422E2944A5EC002285BA /* PBXContainerItemProxy */ = {
			isa = PBXContainerItemProxy;
			containerPortal = 9378420B2944A5EA002285BA /* Project object */;
			proxyType = 1;
			remoteGlobalIDString = 937842122944A5EA002285BA;
			remoteInfo = PodCastPlayer;
		};
/* End PBXContainerItemProxy section */

/* Begin PBXFileReference section */
		937842132944A5EA002285BA /* PodCastPlayer.app */ = {isa = PBXFileReference; explicitFileType = wrapper.application; includeInIndex = 0; path = PodCastPlayer.app; sourceTree = BUILT_PRODUCTS_DIR; };
		937842162944A5EA002285BA /* PodCastPlayerApp.swift */ = {isa = PBXFileReference; lastKnownFileType = sourcecode.swift; path = PodCastPlayerApp.swift; sourceTree = "<group>"; };
		937842182944A5EA002285BA /* ContentView.swift */ = {isa = PBXFileReference; lastKnownFileType = sourcecode.swift; path = ContentView.swift; sourceTree = "<group>"; };
		9378421A2944A5EC002285BA /* Assets.xcassets */ = {isa = PBXFileReference; lastKnownFileType = folder.assetcatalog; path = Assets.xcassets; sourceTree = "<group>"; };
		9378421D2944A5EC002285BA /* Preview Assets.xcassets */ = {isa = PBXFileReference; lastKnownFileType = folder.assetcatalog; path = "Preview Assets.xcassets"; sourceTree = "<group>"; };
		937842232944A5EC002285BA /* PodCastPlayerTests.xctest */ = {isa = PBXFileReference; explicitFileType = wrapper.cfbundle; includeInIndex = 0; path = PodCastPlayerTests.xctest; sourceTree = BUILT_PRODUCTS_DIR; };
		937842272944A5EC002285BA /* PodCastPlayerTests.swift */ = {isa = PBXFileReference; lastKnownFileType = sourcecode.swift; path = PodCastPlayerTests.swift; sourceTree = "<group>"; };
		9378422D2944A5EC002285BA /* PodCastPlayerUITests.xctest */ = {isa = PBXFileReference; explicitFileType = wrapper.cfbundle; includeInIndex = 0; path = PodCastPlayerUITests.xctest; sourceTree = BUILT_PRODUCTS_DIR; };
		937842312944A5EC002285BA /* PodCastPlayerUITests.swift */ = {isa = PBXFileReference; lastKnownFileType = sourcecode.swift; path = PodCastPlayerUITests.swift; sourceTree = "<group>"; };
		937842332944A5EC002285BA /* PodCastPlayerUITestsLaunchTests.swift */ = {isa = PBXFileReference; lastKnownFileType = sourcecode.swift; path = PodCastPlayerUITestsLaunchTests.swift; sourceTree = "<group>"; };
		937842402944A73B002285BA /* PlayerView.swift */ = {isa = PBXFileReference; lastKnownFileType = sourcecode.swift; path = PlayerView.swift; sourceTree = "<group>"; };
		937842422944A8F6002285BA /* Episode.swift */ = {isa = PBXFileReference; lastKnownFileType = sourcecode.swift; path = Episode.swift; sourceTree = "<group>"; };
		937842452944ADA1002285BA /* PlayButton.swift */ = {isa = PBXFileReference; lastKnownFileType = sourcecode.swift; path = PlayButton.swift; sourceTree = "<group>"; };
		937842472944ADF7002285BA /* PlayingStatusView.swift */ = {isa = PBXFileReference; lastKnownFileType = sourcecode.swift; path = PlayingStatusView.swift; sourceTree = "<group>"; };
/* End PBXFileReference section */

/* Begin PBXFrameworksBuildPhase section */
		937842102944A5EA002285BA /* Frameworks */ = {
			isa = PBXFrameworksBuildPhase;
			buildActionMask = 2147483647;
			files = (
			);
			runOnlyForDeploymentPostprocessing = 0;
		};
		937842202944A5EC002285BA /* Frameworks */ = {
			isa = PBXFrameworksBuildPhase;
			buildActionMask = 2147483647;
			files = (
			);
			runOnlyForDeploymentPostprocessing = 0;
		};
		9378422A2944A5EC002285BA /* Frameworks */ = {
			isa = PBXFrameworksBuildPhase;
			buildActionMask = 2147483647;
			files = (
			);
			runOnlyForDeploymentPostprocessing = 0;
		};
/* End PBXFrameworksBuildPhase section */

/* Begin PBXGroup section */
		9378420A2944A5EA002285BA = {
			isa = PBXGroup;
			children = (
				937842152944A5EA002285BA /* PodCastPlayer */,
				937842262944A5EC002285BA /* PodCastPlayerTests */,
				937842302944A5EC002285BA /* PodCastPlayerUITests */,
				937842142944A5EA002285BA /* Products */,
			);
			sourceTree = "<group>";
		};
		937842142944A5EA002285BA /* Products */ = {
			isa = PBXGroup;
			children = (
				937842132944A5EA002285BA /* PodCastPlayer.app */,
				937842232944A5EC002285BA /* PodCastPlayerTests.xctest */,
				9378422D2944A5EC002285BA /* PodCastPlayerUITests.xctest */,
			);
			name = Products;
			sourceTree = "<group>";
		};
		937842152944A5EA002285BA /* PodCastPlayer */ = {
			isa = PBXGroup;
			children = (
				937842162944A5EA002285BA /* PodCastPlayerApp.swift */,
				937842182944A5EA002285BA /* ContentView.swift */,
				937842402944A73B002285BA /* PlayerView.swift */,
				937842472944ADF7002285BA /* PlayingStatusView.swift */,
				937842452944ADA1002285BA /* PlayButton.swift */,
				937842442944A8FD002285BA /* Model */,
				9378421A2944A5EC002285BA /* Assets.xcassets */,
				9378421C2944A5EC002285BA /* Preview Content */,
			);
			path = PodCastPlayer;
			sourceTree = "<group>";
		};
		9378421C2944A5EC002285BA /* Preview Content */ = {
			isa = PBXGroup;
			children = (
				9378421D2944A5EC002285BA /* Preview Assets.xcassets */,
			);
			path = "Preview Content";
			sourceTree = "<group>";
		};
		937842262944A5EC002285BA /* PodCastPlayerTests */ = {
			isa = PBXGroup;
			children = (
				937842272944A5EC002285BA /* PodCastPlayerTests.swift */,
			);
			path = PodCastPlayerTests;
			sourceTree = "<group>";
		};
		937842302944A5EC002285BA /* PodCastPlayerUITests */ = {
			isa = PBXGroup;
			children = (
				937842312944A5EC002285BA /* PodCastPlayerUITests.swift */,
				937842332944A5EC002285BA /* PodCastPlayerUITestsLaunchTests.swift */,
			);
			path = PodCastPlayerUITests;
			sourceTree = "<group>";
		};
		937842442944A8FD002285BA /* Model */ = {
			isa = PBXGroup;
			children = (
				937842422944A8F6002285BA /* Episode.swift */,
			);
			path = Model;
			sourceTree = "<group>";
		};
/* End PBXGroup section */

/* Begin PBXNativeTarget section */
		937842122944A5EA002285BA /* PodCastPlayer */ = {
			isa = PBXNativeTarget;
			buildConfigurationList = 937842372944A5EC002285BA /* Build configuration list for PBXNativeTarget "PodCastPlayer" */;
			buildPhases = (
				9378420F2944A5EA002285BA /* Sources */,
				937842102944A5EA002285BA /* Frameworks */,
				937842112944A5EA002285BA /* Resources */,
			);
			buildRules = (
			);
			dependencies = (
			);
			name = PodCastPlayer;
			productName = PodCastPlayer;
			productReference = 937842132944A5EA002285BA /* PodCastPlayer.app */;
			productType = "com.apple.product-type.application";
		};
		937842222944A5EC002285BA /* PodCastPlayerTests */ = {
			isa = PBXNativeTarget;
			buildConfigurationList = 9378423A2944A5EC002285BA /* Build configuration list for PBXNativeTarget "PodCastPlayerTests" */;
			buildPhases = (
				9378421F2944A5EC002285BA /* Sources */,
				937842202944A5EC002285BA /* Frameworks */,
				937842212944A5EC002285BA /* Resources */,
			);
			buildRules = (
			);
			dependencies = (
				937842252944A5EC002285BA /* PBXTargetDependency */,
			);
			name = PodCastPlayerTests;
			productName = PodCastPlayerTests;
			productReference = 937842232944A5EC002285BA /* PodCastPlayerTests.xctest */;
			productType = "com.apple.product-type.bundle.unit-test";
		};
		9378422C2944A5EC002285BA /* PodCastPlayerUITests */ = {
			isa = PBXNativeTarget;
			buildConfigurationList = 9378423D2944A5EC002285BA /* Build configuration list for PBXNativeTarget "PodCastPlayerUITests" */;
			buildPhases = (
				937842292944A5EC002285BA /* Sources */,
				9378422A2944A5EC002285BA /* Frameworks */,
				9378422B2944A5EC002285BA /* Resources */,
			);
			buildRules = (
			);
			dependencies = (
				9378422F2944A5EC002285BA /* PBXTargetDependency */,
			);
			name = PodCastPlayerUITests;
			productName = PodCastPlayerUITests;
			productReference = 9378422D2944A5EC002285BA /* PodCastPlayerUITests.xctest */;
			productType = "com.apple.product-type.bundle.ui-testing";
		};
/* End PBXNativeTarget section */

/* Begin PBXProject section */
		9378420B2944A5EA002285BA /* Project object */ = {
			isa = PBXProject;
			attributes = {
				BuildIndependentTargetsInParallel = 1;
				LastSwiftUpdateCheck = 1410;
				LastUpgradeCheck = 1410;
				TargetAttributes = {
					937842122944A5EA002285BA = {
						CreatedOnToolsVersion = 14.1;
					};
					937842222944A5EC002285BA = {
						CreatedOnToolsVersion = 14.1;
						TestTargetID = 937842122944A5EA002285BA;
					};
					9378422C2944A5EC002285BA = {
						CreatedOnToolsVersion = 14.1;
						TestTargetID = 937842122944A5EA002285BA;
					};
				};
			};
			buildConfigurationList = 9378420E2944A5EA002285BA /* Build configuration list for PBXProject "PodCastPlayer" */;
			compatibilityVersion = "Xcode 14.0";
			developmentRegion = en;
			hasScannedForEncodings = 0;
			knownRegions = (
				en,
				Base,
			);
			mainGroup = 9378420A2944A5EA002285BA;
			productRefGroup = 937842142944A5EA002285BA /* Products */;
			projectDirPath = "";
			projectRoot = "";
			targets = (
				937842122944A5EA002285BA /* PodCastPlayer */,
				937842222944A5EC002285BA /* PodCastPlayerTests */,
				9378422C2944A5EC002285BA /* PodCastPlayerUITests */,
			);
		};
/* End PBXProject section */

/* Begin PBXResourcesBuildPhase section */
		937842112944A5EA002285BA /* Resources */ = {
			isa = PBXResourcesBuildPhase;
			buildActionMask = 2147483647;
			files = (
				9378421E2944A5EC002285BA /* Preview Assets.xcassets in Resources */,
				9378421B2944A5EC002285BA /* Assets.xcassets in Resources */,
			);
			runOnlyForDeploymentPostprocessing = 0;
		};
		937842212944A5EC002285BA /* Resources */ = {
			isa = PBXResourcesBuildPhase;
			buildActionMask = 2147483647;
			files = (
			);
			runOnlyForDeploymentPostprocessing = 0;
		};
		9378422B2944A5EC002285BA /* Resources */ = {
			isa = PBXResourcesBuildPhase;
			buildActionMask = 2147483647;
			files = (
			);
			runOnlyForDeploymentPostprocessing = 0;
		};
/* End PBXResourcesBuildPhase section */

/* Begin PBXSourcesBuildPhase section */
		9378420F2944A5EA002285BA /* Sources */ = {
			isa = PBXSourcesBuildPhase;
			buildActionMask = 2147483647;
			files = (
				937842412944A73B002285BA /* PlayerView.swift in Sources */,
				937842462944ADA1002285BA /* PlayButton.swift in Sources */,
				937842432944A8F6002285BA /* Episode.swift in Sources */,
				937842482944ADF7002285BA /* PlayingStatusView.swift in Sources */,
				937842192944A5EA002285BA /* ContentView.swift in Sources */,
				937842172944A5EA002285BA /* PodCastPlayerApp.swift in Sources */,
			);
			runOnlyForDeploymentPostprocessing = 0;
		};
		9378421F2944A5EC002285BA /* Sources */ = {
			isa = PBXSourcesBuildPhase;
			buildActionMask = 2147483647;
			files = (
				937842282944A5EC002285BA /* PodCastPlayerTests.swift in Sources */,
			);
			runOnlyForDeploymentPostprocessing = 0;
		};
		937842292944A5EC002285BA /* Sources */ = {
			isa = PBXSourcesBuildPhase;
			buildActionMask = 2147483647;
			files = (
				937842342944A5EC002285BA /* PodCastPlayerUITestsLaunchTests.swift in Sources */,
				937842322944A5EC002285BA /* PodCastPlayerUITests.swift in Sources */,
			);
			runOnlyForDeploymentPostprocessing = 0;
		};
/* End PBXSourcesBuildPhase section */

/* Begin PBXTargetDependency section */
		937842252944A5EC002285BA /* PBXTargetDependency */ = {
			isa = PBXTargetDependency;
			target = 937842122944A5EA002285BA /* PodCastPlayer */;
			targetProxy = 937842242944A5EC002285BA /* PBXContainerItemProxy */;
		};
		9378422F2944A5EC002285BA /* PBXTargetDependency */ = {
			isa = PBXTargetDependency;
			target = 937842122944A5EA002285BA /* PodCastPlayer */;
			targetProxy = 9378422E2944A5EC002285BA /* PBXContainerItemProxy */;
		};
/* End PBXTargetDependency section */

/* Begin XCBuildConfiguration section */
		937842352944A5EC002285BA /* Debug */ = {
			isa = XCBuildConfiguration;
			buildSettings = {
				ALWAYS_SEARCH_USER_PATHS = NO;
				CLANG_ANALYZER_NONNULL = YES;
				CLANG_ANALYZER_NUMBER_OBJECT_CONVERSION = YES_AGGRESSIVE;
				CLANG_CXX_LANGUAGE_STANDARD = "gnu++20";
				CLANG_ENABLE_MODULES = YES;
				CLANG_ENABLE_OBJC_ARC = YES;
				CLANG_ENABLE_OBJC_WEAK = YES;
				CLANG_WARN_BLOCK_CAPTURE_AUTORELEASING = YES;
				CLANG_WARN_BOOL_CONVERSION = YES;
				CLANG_WARN_COMMA = YES;
				CLANG_WARN_CONSTANT_CONVERSION = YES;
				CLANG_WARN_DEPRECATED_OBJC_IMPLEMENTATIONS = YES;
				CLANG_WARN_DIRECT_OBJC_ISA_USAGE = YES_ERROR;
				CLANG_WARN_DOCUMENTATION_COMMENTS = YES;
				CLANG_WARN_EMPTY_BODY = YES;
				CLANG_WARN_ENUM_CONVERSION = YES;
				CLANG_WARN_INFINITE_RECURSION = YES;
				CLANG_WARN_INT_CONVERSION = YES;
				CLANG_WARN_NON_LITERAL_NULL_CONVERSION = YES;
				CLANG_WARN_OBJC_IMPLICIT_RETAIN_SELF = YES;
				CLANG_WARN_OBJC_LITERAL_CONVERSION = YES;
				CLANG_WARN_OBJC_ROOT_CLASS = YES_ERROR;
				CLANG_WARN_QUOTED_INCLUDE_IN_FRAMEWORK_HEADER = YES;
				CLANG_WARN_RANGE_LOOP_ANALYSIS = YES;
				CLANG_WARN_STRICT_PROTOTYPES = YES;
				CLANG_WARN_SUSPICIOUS_MOVE = YES;
				CLANG_WARN_UNGUARDED_AVAILABILITY = YES_AGGRESSIVE;
				CLANG_WARN_UNREACHABLE_CODE = YES;
				CLANG_WARN__DUPLICATE_METHOD_MATCH = YES;
				COPY_PHASE_STRIP = NO;
				DEBUG_INFORMATION_FORMAT = dwarf;
				ENABLE_STRICT_OBJC_MSGSEND = YES;
				ENABLE_TESTABILITY = YES;
				GCC_C_LANGUAGE_STANDARD = gnu11;
				GCC_DYNAMIC_NO_PIC = NO;
				GCC_NO_COMMON_BLOCKS = YES;
				GCC_OPTIMIZATION_LEVEL = 0;
				GCC_PREPROCESSOR_DEFINITIONS = (
					"DEBUG=1",
					"$(inherited)",
				);
				GCC_WARN_64_TO_32_BIT_CONVERSION = YES;
				GCC_WARN_ABOUT_RETURN_TYPE = YES_ERROR;
				GCC_WARN_UNDECLARED_SELECTOR = YES;
				GCC_WARN_UNINITIALIZED_AUTOS = YES_AGGRESSIVE;
				GCC_WARN_UNUSED_FUNCTION = YES;
				GCC_WARN_UNUSED_VARIABLE = YES;
				IPHONEOS_DEPLOYMENT_TARGET = 16.1;
				MTL_ENABLE_DEBUG_INFO = INCLUDE_SOURCE;
				MTL_FAST_MATH = YES;
				ONLY_ACTIVE_ARCH = YES;
				SDKROOT = iphoneos;
				SWIFT_ACTIVE_COMPILATION_CONDITIONS = DEBUG;
				SWIFT_OPTIMIZATION_LEVEL = "-Onone";
			};
			name = Debug;
		};
		937842362944A5EC002285BA /* Release */ = {
			isa = XCBuildConfiguration;
			buildSettings = {
				ALWAYS_SEARCH_USER_PATHS = NO;
				CLANG_ANALYZER_NONNULL = YES;
				CLANG_ANALYZER_NUMBER_OBJECT_CONVERSION = YES_AGGRESSIVE;
				CLANG_CXX_LANGUAGE_STANDARD = "gnu++20";
				CLANG_ENABLE_MODULES = YES;
				CLANG_ENABLE_OBJC_ARC = YES;
				CLANG_ENABLE_OBJC_WEAK = YES;
				CLANG_WARN_BLOCK_CAPTURE_AUTORELEASING = YES;
				CLANG_WARN_BOOL_CONVERSION = YES;
				CLANG_WARN_COMMA = YES;
				CLANG_WARN_CONSTANT_CONVERSION = YES;
				CLANG_WARN_DEPRECATED_OBJC_IMPLEMENTATIONS = YES;
				CLANG_WARN_DIRECT_OBJC_ISA_USAGE = YES_ERROR;
				CLANG_WARN_DOCUMENTATION_COMMENTS = YES;
				CLANG_WARN_EMPTY_BODY = YES;
				CLANG_WARN_ENUM_CONVERSION = YES;
				CLANG_WARN_INFINITE_RECURSION = YES;
				CLANG_WARN_INT_CONVERSION = YES;
				CLANG_WARN_NON_LITERAL_NULL_CONVERSION = YES;
				CLANG_WARN_OBJC_IMPLICIT_RETAIN_SELF = YES;
				CLANG_WARN_OBJC_LITERAL_CONVERSION = YES;
				CLANG_WARN_OBJC_ROOT_CLASS = YES_ERROR;
				CLANG_WARN_QUOTED_INCLUDE_IN_FRAMEWORK_HEADER = YES;
				CLANG_WARN_RANGE_LOOP_ANALYSIS = YES;
				CLANG_WARN_STRICT_PROTOTYPES = YES;
				CLANG_WARN_SUSPICIOUS_MOVE = YES;
				CLANG_WARN_UNGUARDED_AVAILABILITY = YES_AGGRESSIVE;
				CLANG_WARN_UNREACHABLE_CODE = YES;
				CLANG_WARN__DUPLICATE_METHOD_MATCH = YES;
				COPY_PHASE_STRIP = NO;
				DEBUG_INFORMATION_FORMAT = "dwarf-with-dsym";
				ENABLE_NS_ASSERTIONS = NO;
				ENABLE_STRICT_OBJC_MSGSEND = YES;
				GCC_C_LANGUAGE_STANDARD = gnu11;
				GCC_NO_COMMON_BLOCKS = YES;
				GCC_WARN_64_TO_32_BIT_CONVERSION = YES;
				GCC_WARN_ABOUT_RETURN_TYPE = YES_ERROR;
				GCC_WARN_UNDECLARED_SELECTOR = YES;
				GCC_WARN_UNINITIALIZED_AUTOS = YES_AGGRESSIVE;
				GCC_WARN_UNUSED_FUNCTION = YES;
				GCC_WARN_UNUSED_VARIABLE = YES;
				IPHONEOS_DEPLOYMENT_TARGET = 16.1;
				MTL_ENABLE_DEBUG_INFO = NO;
				MTL_FAST_MATH = YES;
				SDKROOT = iphoneos;
				SWIFT_COMPILATION_MODE = wholemodule;
				SWIFT_OPTIMIZATION_LEVEL = "-O";
				VALIDATE_PRODUCT = YES;
			};
			name = Release;
		};
		937842382944A5EC002285BA /* Debug */ = {
			isa = XCBuildConfiguration;
			buildSettings = {
				ASSETCATALOG_COMPILER_APPICON_NAME = AppIcon;
				ASSETCATALOG_COMPILER_GLOBAL_ACCENT_COLOR_NAME = AccentColor;
				CODE_SIGN_STYLE = Automatic;
				CURRENT_PROJECT_VERSION = 1;
				DEVELOPMENT_ASSET_PATHS = "\"PodCastPlayer/Preview Content\"";
				ENABLE_PREVIEWS = YES;
				GENERATE_INFOPLIST_FILE = YES;
				INFOPLIST_KEY_UIApplicationSceneManifest_Generation = YES;
				INFOPLIST_KEY_UIApplicationSupportsIndirectInputEvents = YES;
				INFOPLIST_KEY_UILaunchScreen_Generation = YES;
				INFOPLIST_KEY_UISupportedInterfaceOrientations_iPad = "UIInterfaceOrientationPortrait UIInterfaceOrientationPortraitUpsideDown UIInterfaceOrientationLandscapeLeft UIInterfaceOrientationLandscapeRight";
				INFOPLIST_KEY_UISupportedInterfaceOrientations_iPhone = "UIInterfaceOrientationPortrait UIInterfaceOrientationLandscapeLeft UIInterfaceOrientationLandscapeRight";
				LD_RUNPATH_SEARCH_PATHS = (
					"$(inherited)",
					"@executable_path/Frameworks",
				);
				MARKETING_VERSION = 1.0;
				PRODUCT_BUNDLE_IDENTIFIER = com.kmong.PodCastPlayer;
				PRODUCT_NAME = "$(TARGET_NAME)";
				SWIFT_EMIT_LOC_STRINGS = YES;
				SWIFT_VERSION = 5.0;
				TARGETED_DEVICE_FAMILY = "1,2";
			};
			name = Debug;
		};
		937842392944A5EC002285BA /* Release */ = {
			isa = XCBuildConfiguration;
			buildSettings = {
				ASSETCATALOG_COMPILER_APPICON_NAME = AppIcon;
				ASSETCATALOG_COMPILER_GLOBAL_ACCENT_COLOR_NAME = AccentColor;
				CODE_SIGN_STYLE = Automatic;
				CURRENT_PROJECT_VERSION = 1;
				DEVELOPMENT_ASSET_PATHS = "\"PodCastPlayer/Preview Content\"";
				ENABLE_PREVIEWS = YES;
				GENERATE_INFOPLIST_FILE = YES;
				INFOPLIST_KEY_UIApplicationSceneManifest_Generation = YES;
				INFOPLIST_KEY_UIApplicationSupportsIndirectInputEvents = YES;
				INFOPLIST_KEY_UILaunchScreen_Generation = YES;
				INFOPLIST_KEY_UISupportedInterfaceOrientations_iPad = "UIInterfaceOrientationPortrait UIInterfaceOrientationPortraitUpsideDown UIInterfaceOrientationLandscapeLeft UIInterfaceOrientationLandscapeRight";
				INFOPLIST_KEY_UISupportedInterfaceOrientations_iPhone = "UIInterfaceOrientationPortrait UIInterfaceOrientationLandscapeLeft UIInterfaceOrientationLandscapeRight";
				LD_RUNPATH_SEARCH_PATHS = (
					"$(inherited)",
					"@executable_path/Frameworks",
				);
				MARKETING_VERSION = 1.0;
				PRODUCT_BUNDLE_IDENTIFIER = com.kmong.PodCastPlayer;
				PRODUCT_NAME = "$(TARGET_NAME)";
				SWIFT_EMIT_LOC_STRINGS = YES;
				SWIFT_VERSION = 5.0;
				TARGETED_DEVICE_FAMILY = "1,2";
			};
			name = Release;
		};
		9378423B2944A5EC002285BA /* Debug */ = {
			isa = XCBuildConfiguration;
			buildSettings = {
				ALWAYS_EMBED_SWIFT_STANDARD_LIBRARIES = YES;
				BUNDLE_LOADER = "$(TEST_HOST)";
				CODE_SIGN_STYLE = Automatic;
				CURRENT_PROJECT_VERSION = 1;
				GENERATE_INFOPLIST_FILE = YES;
				IPHONEOS_DEPLOYMENT_TARGET = 16.1;
				MARKETING_VERSION = 1.0;
				PRODUCT_BUNDLE_IDENTIFIER = com.kmong.PodCastPlayerTests;
				PRODUCT_NAME = "$(TARGET_NAME)";
				SWIFT_EMIT_LOC_STRINGS = NO;
				SWIFT_VERSION = 5.0;
				TARGETED_DEVICE_FAMILY = "1,2";
				TEST_HOST = "$(BUILT_PRODUCTS_DIR)/PodCastPlayer.app/$(BUNDLE_EXECUTABLE_FOLDER_PATH)/PodCastPlayer";
			};
			name = Debug;
		};
		9378423C2944A5EC002285BA /* Release */ = {
			isa = XCBuildConfiguration;
			buildSettings = {
				ALWAYS_EMBED_SWIFT_STANDARD_LIBRARIES = YES;
				BUNDLE_LOADER = "$(TEST_HOST)";
				CODE_SIGN_STYLE = Automatic;
				CURRENT_PROJECT_VERSION = 1;
				GENERATE_INFOPLIST_FILE = YES;
				IPHONEOS_DEPLOYMENT_TARGET = 16.1;
				MARKETING_VERSION = 1.0;
				PRODUCT_BUNDLE_IDENTIFIER = com.kmong.PodCastPlayerTests;
				PRODUCT_NAME = "$(TARGET_NAME)";
				SWIFT_EMIT_LOC_STRINGS = NO;
				SWIFT_VERSION = 5.0;
				TARGETED_DEVICE_FAMILY = "1,2";
				TEST_HOST = "$(BUILT_PRODUCTS_DIR)/PodCastPlayer.app/$(BUNDLE_EXECUTABLE_FOLDER_PATH)/PodCastPlayer";
			};
			name = Release;
		};
		9378423E2944A5EC002285BA /* Debug */ = {
			isa = XCBuildConfiguration;
			buildSettings = {
				ALWAYS_EMBED_SWIFT_STANDARD_LIBRARIES = YES;
				CODE_SIGN_STYLE = Automatic;
				CURRENT_PROJECT_VERSION = 1;
				GENERATE_INFOPLIST_FILE = YES;
				MARKETING_VERSION = 1.0;
				PRODUCT_BUNDLE_IDENTIFIER = com.kmong.PodCastPlayerUITests;
				PRODUCT_NAME = "$(TARGET_NAME)";
				SWIFT_EMIT_LOC_STRINGS = NO;
				SWIFT_VERSION = 5.0;
				TARGETED_DEVICE_FAMILY = "1,2";
				TEST_TARGET_NAME = PodCastPlayer;
			};
			name = Debug;
		};
		9378423F2944A5EC002285BA /* Release */ = {
			isa = XCBuildConfiguration;
			buildSettings = {
				ALWAYS_EMBED_SWIFT_STANDARD_LIBRARIES = YES;
				CODE_SIGN_STYLE = Automatic;
				CURRENT_PROJECT_VERSION = 1;
				GENERATE_INFOPLIST_FILE = YES;
				MARKETING_VERSION = 1.0;
				PRODUCT_BUNDLE_IDENTIFIER = com.kmong.PodCastPlayerUITests;
				PRODUCT_NAME = "$(TARGET_NAME)";
				SWIFT_EMIT_LOC_STRINGS = NO;
				SWIFT_VERSION = 5.0;
				TARGETED_DEVICE_FAMILY = "1,2";
				TEST_TARGET_NAME = PodCastPlayer;
			};
			name = Release;
		};
/* End XCBuildConfiguration section */

/* Begin XCConfigurationList section */
		9378420E2944A5EA002285BA /* Build configuration list for PBXProject "PodCastPlayer" */ = {
			isa = XCConfigurationList;
			buildConfigurations = (
				937842352944A5EC002285BA /* Debug */,
				937842362944A5EC002285BA /* Release */,
			);
			defaultConfigurationIsVisible = 0;
			defaultConfigurationName = Release;
		};
		937842372944A5EC002285BA /* Build configuration list for PBXNativeTarget "PodCastPlayer" */ = {
			isa = XCConfigurationList;
			buildConfigurations = (
				937842382944A5EC002285BA /* Debug */,
				937842392944A5EC002285BA /* Release */,
			);
			defaultConfigurationIsVisible = 0;
			defaultConfigurationName = Release;
		};
		9378423A2944A5EC002285BA /* Build configuration list for PBXNativeTarget "PodCastPlayerTests" */ = {
			isa = XCConfigurationList;
			buildConfigurations = (
				9378423B2944A5EC002285BA /* Debug */,
				9378423C2944A5EC002285BA /* Release */,
			);
			defaultConfigurationIsVisible = 0;
			defaultConfigurationName = Release;
		};
		9378423D2944A5EC002285BA /* Build configuration list for PBXNativeTarget "PodCastPlayerUITests" */ = {
			isa = XCConfigurationList;
			buildConfigurations = (
				9378423E2944A5EC002285BA /* Debug */,
				9378423F2944A5EC002285BA /* Release */,
			);
			defaultConfigurationIsVisible = 0;
			defaultConfigurationName = Release;
		};
/* End XCConfigurationList section */
	};
	rootObject = 9378420B2944A5EA002285BA /* Project object */;
}
